
Microsoft Visual Studio Solution File, Format Version 12.00
# Visual Studio 15
VisualStudioVersion = 15.0.27004.2005
MinimumVisualStudioVersion = 10.0.40219.1
Project("{888888A0-9F3D-457C-B088-3A5042F75D52}") = "PyCExtension", "PyCExtension\PyCExtension.pyproj", "{A88376B7-B798-451B-BC76-9C213016F9FE}"
EndProject
Project("{8BC9CEB8-8B4A-11D0-8D11-00A0C91BC942}") = "MyCLib", "MyCLib\MyCLib.vcxproj", "{6F07AC6B-1647-4792-B8B8-39934CE50DB3}"
EndProject
Global
	GlobalSection(SolutionConfigurationPlatforms) = preSolution
		Debug|Any CPU = Debug|Any CPU
		Debug|x64 = Debug|x64
		Debug|x86 = Debug|x86
		Release|Any CPU = Release|Any CPU
		Release|x64 = Release|x64
		Release|x86 = Release|x86
	EndGlobalSection
	GlobalSection(ProjectConfigurationPlatforms) = postSolution
		{A88376B7-B798-451B-BC76-9C213016F9FE}.Debug|Any CPU.ActiveCfg = Debug|Any CPU
		{A88376B7-B798-451B-BC76-9C213016F9FE}.Debug|x64.ActiveCfg = Debug|Any CPU
		{A88376B7-B798-451B-BC76-9C213016F9FE}.Debug|x86.ActiveCfg = Debug|Any CPU
		{A88376B7-B798-451B-BC76-9C213016F9FE}.Release|Any CPU.ActiveCfg = Release|Any CPU
		{A88376B7-B798-451B-BC76-9C213016F9FE}.Release|x64.ActiveCfg = Release|Any CPU
		{A88376B7-B798-451B-BC76-9C213016F9FE}.Release|x86.ActiveCfg = Release|Any CPU
		{6F07AC6B-1647-4792-B8B8-39934CE50DB3}.Debug|Any CPU.ActiveCfg = Debug|Win32
		{6F07AC6B-1647-4792-B8B8-39934CE50DB3}.Debug|x64.ActiveCfg = Debug|x64
		{6F07AC6B-1647-4792-B8B8-39934CE50DB3}.Debug|x64.Build.0 = Debug|x64
		{6F07AC6B-1647-4792-B8B8-39934CE50DB3}.Debug|x86.ActiveCfg = Debug|Win32
		{6F07AC6B-1647-4792-B8B8-39934CE50DB3}.Debug|x86.Build.0 = Debug|Win32
		{6F07AC6B-1647-4792-B8B8-39934CE50DB3}.Release|Any CPU.ActiveCfg = Release|Win32
		{6F07AC6B-1647-4792-B8B8-39934CE50DB3}.Release|x64.ActiveCfg = Release|x64
		{6F07AC6B-1647-4792-B8B8-39934CE50DB3}.Release|x64.Build.0 = Release|x64
		{6F07AC6B-1647-4792-B8B8-39934CE50DB3}.Release|x86.ActiveCfg = Release|Win32
		{6F07AC6B-1647-4792-B8B8-39934CE50DB3}.Release|x86.Build.0 = Release|Win32
	EndGlobalSection
	GlobalSection(SolutionProperties) = preSolution
		HideSolutionNode = FALSE
	EndGlobalSection
	GlobalSection(ExtensibilityGlobals) = postSolution
		SolutionGuid = {E0181EF5-0118-4862-B404-897105EEB979}
	EndGlobalSection
EndGlobal
